
Microsoft Visual Studio Solution File, Format Version 12.00
# Visual Studio Version 17
VisualStudioVersion = 17.11.35327.3
MinimumVisualStudioVersion = 10.0.40219.1
Project("{8BC9CEB8-8B4A-11D0-8D11-00A0C91BC942}") = "Конструкторы классов (17.02.2025)", "Конструкторы классов (17.02.2025)\Конструкторы классов (17.02.2025).vcxproj", "{DED2ADDE-D257-4CC1-9B1E-F673CA17A5ED}"
EndProject
Global
	GlobalSection(SolutionConfigurationPlatforms) = preSolution
		Debug|x64 = Debug|x64
		Debug|x86 = Debug|x86
		Release|x64 = Release|x64
		Release|x86 = Release|x86
	EndGlobalSection
	GlobalSection(ProjectConfigurationPlatforms) = postSolution
		{DED2ADDE-D257-4CC1-9B1E-F673CA17A5ED}.Debug|x64.ActiveCfg = Debug|x64
		{DED2ADDE-D257-4CC1-9B1E-F673CA17A5ED}.Debug|x64.Build.0 = Debug|x64
		{DED2ADDE-D257-4CC1-9B1E-F673CA17A5ED}.Debug|x86.ActiveCfg = Debug|Win32
		{DED2ADDE-D257-4CC1-9B1E-F673CA17A5ED}.Debug|x86.Build.0 = Debug|Win32
		{DED2ADDE-D257-4CC1-9B1E-F673CA17A5ED}.Release|x64.ActiveCfg = Release|x64
		{DED2ADDE-D257-4CC1-9B1E-F673CA17A5ED}.Release|x64.Build.0 = Release|x64
		{DED2ADDE-D257-4CC1-9B1E-F673CA17A5ED}.Release|x86.ActiveCfg = Release|Win32
		{DED2ADDE-D257-4CC1-9B1E-F673CA17A5ED}.Release|x86.Build.0 = Release|Win32
	EndGlobalSection
	GlobalSection(SolutionProperties) = preSolution
		HideSolutionNode = FALSE
	EndGlobalSection
	GlobalSection(ExtensibilityGlobals) = postSolution
		SolutionGuid = {99C5FBDD-93F1-4CCC-B94C-354EEF1BB7F7}
	EndGlobalSection
EndGlobal
