
Microsoft Visual Studio Solution File, Format Version 12.00
# Visual Studio Version 17
VisualStudioVersion = 17.13.35825.156 d17.13
MinimumVisualStudioVersion = 10.0.40219.1
Project("{8BC9CEB8-8B4A-11D0-8D11-00A0C91BC942}") = "Принцепы SOLID (01.04.2025 - 02.04.2025)", "Принцепы SOLID (01.04.2025 - 02.04.2025)\Принцепы SOLID (01.04.2025 - 02.04.2025).vcxproj", "{63CB197F-A817-4AD2-A425-C1979DD709B2}"
EndProject
Global
	GlobalSection(SolutionConfigurationPlatforms) = preSolution
		Debug|x64 = Debug|x64
		Debug|x86 = Debug|x86
		Release|x64 = Release|x64
		Release|x86 = Release|x86
	EndGlobalSection
	GlobalSection(ProjectConfigurationPlatforms) = postSolution
		{63CB197F-A817-4AD2-A425-C1979DD709B2}.Debug|x64.ActiveCfg = Debug|x64
		{63CB197F-A817-4AD2-A425-C1979DD709B2}.Debug|x64.Build.0 = Debug|x64
		{63CB197F-A817-4AD2-A425-C1979DD709B2}.Debug|x86.ActiveCfg = Debug|Win32
		{63CB197F-A817-4AD2-A425-C1979DD709B2}.Debug|x86.Build.0 = Debug|Win32
		{63CB197F-A817-4AD2-A425-C1979DD709B2}.Release|x64.ActiveCfg = Release|x64
		{63CB197F-A817-4AD2-A425-C1979DD709B2}.Release|x64.Build.0 = Release|x64
		{63CB197F-A817-4AD2-A425-C1979DD709B2}.Release|x86.ActiveCfg = Release|Win32
		{63CB197F-A817-4AD2-A425-C1979DD709B2}.Release|x86.Build.0 = Release|Win32
	EndGlobalSection
	GlobalSection(SolutionProperties) = preSolution
		HideSolutionNode = FALSE
	EndGlobalSection
	GlobalSection(ExtensibilityGlobals) = postSolution
		SolutionGuid = {898438A0-B1E1-4EB9-AAB5-A34B253FD08D}
	EndGlobalSection
EndGlobal
