
Microsoft Visual Studio Solution File, Format Version 12.00
# Visual Studio Version 17
VisualStudioVersion = 17.13.35825.156 d17.13
MinimumVisualStudioVersion = 10.0.40219.1
Project("{8BC9CEB8-8B4A-11D0-8D11-00A0C91BC942}") = "Контрольная работа 2", "Контрольная работа 2\Контрольная работа 2.vcxproj", "{02423E1B-6477-439F-9508-09A2DE5F67D0}"
EndProject
Global
	GlobalSection(SolutionConfigurationPlatforms) = preSolution
		Debug|x64 = Debug|x64
		Debug|x86 = Debug|x86
		Release|x64 = Release|x64
		Release|x86 = Release|x86
	EndGlobalSection
	GlobalSection(ProjectConfigurationPlatforms) = postSolution
		{02423E1B-6477-439F-9508-09A2DE5F67D0}.Debug|x64.ActiveCfg = Debug|x64
		{02423E1B-6477-439F-9508-09A2DE5F67D0}.Debug|x64.Build.0 = Debug|x64
		{02423E1B-6477-439F-9508-09A2DE5F67D0}.Debug|x86.ActiveCfg = Debug|Win32
		{02423E1B-6477-439F-9508-09A2DE5F67D0}.Debug|x86.Build.0 = Debug|Win32
		{02423E1B-6477-439F-9508-09A2DE5F67D0}.Release|x64.ActiveCfg = Release|x64
		{02423E1B-6477-439F-9508-09A2DE5F67D0}.Release|x64.Build.0 = Release|x64
		{02423E1B-6477-439F-9508-09A2DE5F67D0}.Release|x86.ActiveCfg = Release|Win32
		{02423E1B-6477-439F-9508-09A2DE5F67D0}.Release|x86.Build.0 = Release|Win32
	EndGlobalSection
	GlobalSection(SolutionProperties) = preSolution
		HideSolutionNode = FALSE
	EndGlobalSection
	GlobalSection(ExtensibilityGlobals) = postSolution
		SolutionGuid = {212ABC6B-00B0-47BD-9DAA-CF3187492428}
	EndGlobalSection
EndGlobal
